
Microsoft Visual Studio Solution File, Format Version 12.00
# Visual Studio Version 17
VisualStudioVersion = 17.12.35707.178
MinimumVisualStudioVersion = 10.0.40219.1
Project("{FAE04EC0-301F-11D3-BF4B-00C04F79EFBC}") = "Diplomna_Netflix", "Diplomna_Netflix\Diplomna_Netflix.csproj", "{735597D7-228A-446F-9A59-2DA453F8A624}"
EndProject
Project("{FAE04EC0-301F-11D3-BF4B-00C04F79EFBC}") = "Core", "Core\Core.csproj", "{CBA8E268-E3AF-44A1-9043-62DCE158CC61}"
EndProject
Project("{FAE04EC0-301F-11D3-BF4B-00C04F79EFBC}") = "Data", "Data\Data.csproj", "{BE84E0F0-94A9-418A-A0C7-FE2DEF75D71F}"
EndProject
Global
	GlobalSection(SolutionConfigurationPlatforms) = preSolution
		Debug|Any CPU = Debug|Any CPU
		Release|Any CPU = Release|Any CPU
	EndGlobalSection
	GlobalSection(ProjectConfigurationPlatforms) = postSolution
		{735597D7-228A-446F-9A59-2DA453F8A624}.Debug|Any CPU.ActiveCfg = Debug|Any CPU
		{735597D7-228A-446F-9A59-2DA453F8A624}.Debug|Any CPU.Build.0 = Debug|Any CPU
		{735597D7-228A-446F-9A59-2DA453F8A624}.Release|Any CPU.ActiveCfg = Release|Any CPU
		{735597D7-228A-446F-9A59-2DA453F8A624}.Release|Any CPU.Build.0 = Release|Any CPU
		{CBA8E268-E3AF-44A1-9043-62DCE158CC61}.Debug|Any CPU.ActiveCfg = Debug|Any CPU
		{CBA8E268-E3AF-44A1-9043-62DCE158CC61}.Debug|Any CPU.Build.0 = Debug|Any CPU
		{CBA8E268-E3AF-44A1-9043-62DCE158CC61}.Release|Any CPU.ActiveCfg = Release|Any CPU
		{CBA8E268-E3AF-44A1-9043-62DCE158CC61}.Release|Any CPU.Build.0 = Release|Any CPU
		{BE84E0F0-94A9-418A-A0C7-FE2DEF75D71F}.Debug|Any CPU.ActiveCfg = Debug|Any CPU
		{BE84E0F0-94A9-418A-A0C7-FE2DEF75D71F}.Debug|Any CPU.Build.0 = Debug|Any CPU
		{BE84E0F0-94A9-418A-A0C7-FE2DEF75D71F}.Release|Any CPU.ActiveCfg = Release|Any CPU
		{BE84E0F0-94A9-418A-A0C7-FE2DEF75D71F}.Release|Any CPU.Build.0 = Release|Any CPU
	EndGlobalSection
	GlobalSection(SolutionProperties) = preSolution
		HideSolutionNode = FALSE
	EndGlobalSection
EndGlobal
